// !$*UTF8*$!
{
	archiveVersion = 1;
	classes = {
	};
	objectVersion = 56;
	objects = {

/* Begin PBXBuildFile section */
		9ADAE6712C5688ED00D6B7E9 /* AppDelegate.swift in Sources */ = {isa = PBXBuildFile; fileRef = 9ADAE6702C5688ED00D6B7E9 /* AppDelegate.swift */; };
		9ADAE6732C5688ED00D6B7E9 /* SceneDelegate.swift in Sources */ = {isa = PBXBuildFile; fileRef = 9ADAE6722C5688ED00D6B7E9 /* SceneDelegate.swift */; };
		9ADAE6752C5688ED00D6B7E9 /* HomePage.swift in Sources */ = {isa = PBXBuildFile; fileRef = 9ADAE6742C5688ED00D6B7E9 /* HomePage.swift */; };
		9ADAE67A2C5688EE00D6B7E9 /* Assets.xcassets in Resources */ = {isa = PBXBuildFile; fileRef = 9ADAE6792C5688EE00D6B7E9 /* Assets.xcassets */; };
		9ADAE67D2C5688EE00D6B7E9 /* Base in Resources */ = {isa = PBXBuildFile; fileRef = 9ADAE67C2C5688EE00D6B7E9 /* Base */; };
		9ADAE6852C5689F700D6B7E9 /* SignInVC.swift in Sources */ = {isa = PBXBuildFile; fileRef = 9ADAE6842C5689F700D6B7E9 /* SignInVC.swift */; };
		9ADAE6872C568A9500D6B7E9 /* SignUpVC.swift in Sources */ = {isa = PBXBuildFile; fileRef = 9ADAE6862C568A9500D6B7E9 /* SignUpVC.swift */; };
		9ADAE68A2C568B2000D6B7E9 /* CustomTextField.swift in Sources */ = {isa = PBXBuildFile; fileRef = 9ADAE6892C568B2000D6B7E9 /* CustomTextField.swift */; };
		9ADAE68C2C568B3300D6B7E9 /* CustomButton.swift in Sources */ = {isa = PBXBuildFile; fileRef = 9ADAE68B2C568B3300D6B7E9 /* CustomButton.swift */; };
		9ADAE68E2C568CF800D6B7E9 /* ForgotVC.swift in Sources */ = {isa = PBXBuildFile; fileRef = 9ADAE68D2C568CF800D6B7E9 /* ForgotVC.swift */; };
		9ADAE6902C568DD900D6B7E9 /* AuthHeaderView.swift in Sources */ = {isa = PBXBuildFile; fileRef = 9ADAE68F2C568DD900D6B7E9 /* AuthHeaderView.swift */; };
		CC9D3452452663E558E61E9C /* Pods_SnapChat.framework in Frameworks */ = {isa = PBXBuildFile; fileRef = 2DBB81BB79A3D1302C58BE45 /* Pods_SnapChat.framework */; };
		F5606BFF2C5B762C0019DE80 /* SignUpVM.swift in Sources */ = {isa = PBXBuildFile; fileRef = F5606BFE2C5B762C0019DE80 /* SignUpVM.swift */; };
		F5606C012C5B76490019DE80 /* Repo.swift in Sources */ = {isa = PBXBuildFile; fileRef = F5606C002C5B76490019DE80 /* Repo.swift */; };
		F5606C082C5BBA320019DE80 /* FirstVC.swift in Sources */ = {isa = PBXBuildFile; fileRef = F5606C072C5BBA320019DE80 /* FirstVC.swift */; };
		F5606C0A2C5BBA3E0019DE80 /* SecondVC.swift in Sources */ = {isa = PBXBuildFile; fileRef = F5606C092C5BBA3E0019DE80 /* SecondVC.swift */; };
		F5606C0C2C5BBA490019DE80 /* ThirdVC.swift in Sources */ = {isa = PBXBuildFile; fileRef = F5606C0B2C5BBA490019DE80 /* ThirdVC.swift */; };
		F5606C0E2C5BBAD10019DE80 /* TabBars.swift in Sources */ = {isa = PBXBuildFile; fileRef = F5606C0D2C5BBAD10019DE80 /* TabBars.swift */; };
		F5606C102C5BC2860019DE80 /* FourthVC.swift in Sources */ = {isa = PBXBuildFile; fileRef = F5606C0F2C5BC2860019DE80 /* FourthVC.swift */; };
		F5606C122C5BC2930019DE80 /* FifthVC.swift in Sources */ = {isa = PBXBuildFile; fileRef = F5606C112C5BC2930019DE80 /* FifthVC.swift */; };
		F58ADC0E2C57BE3800F77808 /* TermsVC.swift in Sources */ = {isa = PBXBuildFile; fileRef = F58ADC0D2C57BE3800F77808 /* TermsVC.swift */; };
		F58ADC102C57CA5F00F77808 /* PrivacyVC.swift in Sources */ = {isa = PBXBuildFile; fileRef = F58ADC0F2C57CA5F00F77808 /* PrivacyVC.swift */; };
		F5D2B82A2C5A2D90006BFCCC /* AlertManager.swift in Sources */ = {isa = PBXBuildFile; fileRef = F5D2B8292C5A2D90006BFCCC /* AlertManager.swift */; };
		F5D2B82C2C5A721F006BFCCC /* GoogleService-Info.plist in Resources */ = {isa = PBXBuildFile; fileRef = F5D2B82B2C5A721F006BFCCC /* GoogleService-Info.plist */; };
/* End PBXBuildFile section */

/* Begin PBXFileReference section */
		2DBB81BB79A3D1302C58BE45 /* Pods_SnapChat.framework */ = {isa = PBXFileReference; explicitFileType = wrapper.framework; includeInIndex = 0; path = Pods_SnapChat.framework; sourceTree = BUILT_PRODUCTS_DIR; };
		9ADAE66D2C5688ED00D6B7E9 /* SnapChat.app */ = {isa = PBXFileReference; explicitFileType = wrapper.application; includeInIndex = 0; path = SnapChat.app; sourceTree = BUILT_PRODUCTS_DIR; };
		9ADAE6702C5688ED00D6B7E9 /* AppDelegate.swift */ = {isa = PBXFileReference; lastKnownFileType = sourcecode.swift; path = AppDelegate.swift; sourceTree = "<group>"; };
		9ADAE6722C5688ED00D6B7E9 /* SceneDelegate.swift */ = {isa = PBXFileReference; lastKnownFileType = sourcecode.swift; path = SceneDelegate.swift; sourceTree = "<group>"; };
		9ADAE6742C5688ED00D6B7E9 /* HomePage.swift */ = {isa = PBXFileReference; lastKnownFileType = sourcecode.swift; path = HomePage.swift; sourceTree = "<group>"; };
		9ADAE6792C5688EE00D6B7E9 /* Assets.xcassets */ = {isa = PBXFileReference; lastKnownFileType = folder.assetcatalog; path = Assets.xcassets; sourceTree = "<group>"; };
		9ADAE67C2C5688EE00D6B7E9 /* Base */ = {isa = PBXFileReference; lastKnownFileType = file.storyboard; name = Base; path = Base.lproj/LaunchScreen.storyboard; sourceTree = "<group>"; };
		9ADAE67E2C5688EE00D6B7E9 /* Info.plist */ = {isa = PBXFileReference; lastKnownFileType = text.plist.xml; path = Info.plist; sourceTree = "<group>"; };
		9ADAE6842C5689F700D6B7E9 /* SignInVC.swift */ = {isa = PBXFileReference; lastKnownFileType = sourcecode.swift; path = SignInVC.swift; sourceTree = "<group>"; };
		9ADAE6862C568A9500D6B7E9 /* SignUpVC.swift */ = {isa = PBXFileReference; lastKnownFileType = sourcecode.swift; path = SignUpVC.swift; sourceTree = "<group>"; };
		9ADAE6892C568B2000D6B7E9 /* CustomTextField.swift */ = {isa = PBXFileReference; lastKnownFileType = sourcecode.swift; path = CustomTextField.swift; sourceTree = "<group>"; };
		9ADAE68B2C568B3300D6B7E9 /* CustomButton.swift */ = {isa = PBXFileReference; lastKnownFileType = sourcecode.swift; path = CustomButton.swift; sourceTree = "<group>"; };
		9ADAE68D2C568CF800D6B7E9 /* ForgotVC.swift */ = {isa = PBXFileReference; lastKnownFileType = sourcecode.swift; path = ForgotVC.swift; sourceTree = "<group>"; };
		9ADAE68F2C568DD900D6B7E9 /* AuthHeaderView.swift */ = {isa = PBXFileReference; lastKnownFileType = sourcecode.swift; path = AuthHeaderView.swift; sourceTree = "<group>"; };
		E39EB45A808B9244495021EC /* Pods-SnapChat.release.xcconfig */ = {isa = PBXFileReference; includeInIndex = 1; lastKnownFileType = text.xcconfig; name = "Pods-SnapChat.release.xcconfig"; path = "Target Support Files/Pods-SnapChat/Pods-SnapChat.release.xcconfig"; sourceTree = "<group>"; };
		F5606BFE2C5B762C0019DE80 /* SignUpVM.swift */ = {isa = PBXFileReference; lastKnownFileType = sourcecode.swift; path = SignUpVM.swift; sourceTree = "<group>"; };
		F5606C002C5B76490019DE80 /* Repo.swift */ = {isa = PBXFileReference; lastKnownFileType = sourcecode.swift; path = Repo.swift; sourceTree = "<group>"; };
		F5606C072C5BBA320019DE80 /* FirstVC.swift */ = {isa = PBXFileReference; lastKnownFileType = sourcecode.swift; path = FirstVC.swift; sourceTree = "<group>"; };
		F5606C092C5BBA3E0019DE80 /* SecondVC.swift */ = {isa = PBXFileReference; lastKnownFileType = sourcecode.swift; path = SecondVC.swift; sourceTree = "<group>"; };
		F5606C0B2C5BBA490019DE80 /* ThirdVC.swift */ = {isa = PBXFileReference; lastKnownFileType = sourcecode.swift; path = ThirdVC.swift; sourceTree = "<group>"; };
		F5606C0D2C5BBAD10019DE80 /* TabBars.swift */ = {isa = PBXFileReference; lastKnownFileType = sourcecode.swift; path = TabBars.swift; sourceTree = "<group>"; };
		F5606C0F2C5BC2860019DE80 /* FourthVC.swift */ = {isa = PBXFileReference; lastKnownFileType = sourcecode.swift; path = FourthVC.swift; sourceTree = "<group>"; };
		F5606C112C5BC2930019DE80 /* FifthVC.swift */ = {isa = PBXFileReference; lastKnownFileType = sourcecode.swift; path = FifthVC.swift; sourceTree = "<group>"; };
		F58ADC0D2C57BE3800F77808 /* TermsVC.swift */ = {isa = PBXFileReference; lastKnownFileType = sourcecode.swift; path = TermsVC.swift; sourceTree = "<group>"; };
		F58ADC0F2C57CA5F00F77808 /* PrivacyVC.swift */ = {isa = PBXFileReference; lastKnownFileType = sourcecode.swift; path = PrivacyVC.swift; sourceTree = "<group>"; };
		F5D2B8292C5A2D90006BFCCC /* AlertManager.swift */ = {isa = PBXFileReference; lastKnownFileType = sourcecode.swift; path = AlertManager.swift; sourceTree = "<group>"; };
		F5D2B82B2C5A721F006BFCCC /* GoogleService-Info.plist */ = {isa = PBXFileReference; fileEncoding = 4; lastKnownFileType = text.plist.xml; path = "GoogleService-Info.plist"; sourceTree = "<group>"; };
		F8540340C28891074BA08563 /* Pods-SnapChat.debug.xcconfig */ = {isa = PBXFileReference; includeInIndex = 1; lastKnownFileType = text.xcconfig; name = "Pods-SnapChat.debug.xcconfig"; path = "Target Support Files/Pods-SnapChat/Pods-SnapChat.debug.xcconfig"; sourceTree = "<group>"; };
/* End PBXFileReference section */

/* Begin PBXFrameworksBuildPhase section */
		9ADAE66A2C5688ED00D6B7E9 /* Frameworks */ = {
			isa = PBXFrameworksBuildPhase;
			buildActionMask = 2147483647;
			files = (
				CC9D3452452663E558E61E9C /* Pods_SnapChat.framework in Frameworks */,
			);
			runOnlyForDeploymentPostprocessing = 0;
		};
/* End PBXFrameworksBuildPhase section */

/* Begin PBXGroup section */
		5CB07A174AD219734F2FBDA0 /* Pods */ = {
			isa = PBXGroup;
			children = (
				F8540340C28891074BA08563 /* Pods-SnapChat.debug.xcconfig */,
				E39EB45A808B9244495021EC /* Pods-SnapChat.release.xcconfig */,
			);
			path = Pods;
			sourceTree = "<group>";
		};
		67406FF21DFFA882B3A34BDF /* Frameworks */ = {
			isa = PBXGroup;
			children = (
				2DBB81BB79A3D1302C58BE45 /* Pods_SnapChat.framework */,
			);
			name = Frameworks;
			sourceTree = "<group>";
		};
		9ADAE6642C5688ED00D6B7E9 = {
			isa = PBXGroup;
			children = (
				9ADAE66F2C5688ED00D6B7E9 /* SnapChat */,
				9ADAE66E2C5688ED00D6B7E9 /* Products */,
				5CB07A174AD219734F2FBDA0 /* Pods */,
				67406FF21DFFA882B3A34BDF /* Frameworks */,
			);
			sourceTree = "<group>";
		};
		9ADAE66E2C5688ED00D6B7E9 /* Products */ = {
			isa = PBXGroup;
			children = (
				9ADAE66D2C5688ED00D6B7E9 /* SnapChat.app */,
			);
			name = Products;
			sourceTree = "<group>";
		};
		9ADAE66F2C5688ED00D6B7E9 /* SnapChat */ = {
			isa = PBXGroup;
			children = (
				F5D2B8282C5A298B006BFCCC /* ViewControllers */,
				9ADAE6882C568AD100D6B7E9 /* Views */,
				F5606C052C5BBA170019DE80 /* TabBarControllers */,
				F5606BFC2C5B760B0019DE80 /* ViewModels */,
				F5606BFD2C5B76190019DE80 /* Repo */,
				9ADAE6702C5688ED00D6B7E9 /* AppDelegate.swift */,
				9ADAE6722C5688ED00D6B7E9 /* SceneDelegate.swift */,
				9ADAE6792C5688EE00D6B7E9 /* Assets.xcassets */,
				9ADAE67B2C5688EE00D6B7E9 /* LaunchScreen.storyboard */,
				9ADAE67E2C5688EE00D6B7E9 /* Info.plist */,
				F5D2B82B2C5A721F006BFCCC /* GoogleService-Info.plist */,
			);
			path = SnapChat;
			sourceTree = "<group>";
		};
		9ADAE6882C568AD100D6B7E9 /* Views */ = {
			isa = PBXGroup;
			children = (
				9ADAE6892C568B2000D6B7E9 /* CustomTextField.swift */,
				9ADAE68F2C568DD900D6B7E9 /* AuthHeaderView.swift */,
				9ADAE68B2C568B3300D6B7E9 /* CustomButton.swift */,
				F5D2B8292C5A2D90006BFCCC /* AlertManager.swift */,
				F5606C0D2C5BBAD10019DE80 /* TabBars.swift */,
			);
			path = Views;
			sourceTree = "<group>";
		};
		F5606BFC2C5B760B0019DE80 /* ViewModels */ = {
			isa = PBXGroup;
			children = (
				F5606BFE2C5B762C0019DE80 /* SignUpVM.swift */,
			);
			path = ViewModels;
			sourceTree = "<group>";
		};
		F5606BFD2C5B76190019DE80 /* Repo */ = {
			isa = PBXGroup;
			children = (
				F5606C002C5B76490019DE80 /* Repo.swift */,
			);
			path = Repo;
			sourceTree = "<group>";
		};
		F5606C052C5BBA170019DE80 /* TabBarControllers */ = {
			isa = PBXGroup;
			children = (
				F5606C072C5BBA320019DE80 /* FirstVC.swift */,
				F5606C092C5BBA3E0019DE80 /* SecondVC.swift */,
				F5606C0B2C5BBA490019DE80 /* ThirdVC.swift */,
				F5606C0F2C5BC2860019DE80 /* FourthVC.swift */,
				F5606C112C5BC2930019DE80 /* FifthVC.swift */,
			);
			path = TabBarControllers;
			sourceTree = "<group>";
		};
		F5D2B8282C5A298B006BFCCC /* ViewControllers */ = {
			isa = PBXGroup;
			children = (
				9ADAE6742C5688ED00D6B7E9 /* HomePage.swift */,
				9ADAE6842C5689F700D6B7E9 /* SignInVC.swift */,
				9ADAE6862C568A9500D6B7E9 /* SignUpVC.swift */,
				9ADAE68D2C568CF800D6B7E9 /* ForgotVC.swift */,
				F58ADC0D2C57BE3800F77808 /* TermsVC.swift */,
				F58ADC0F2C57CA5F00F77808 /* PrivacyVC.swift */,
			);
			path = ViewControllers;
			sourceTree = "<group>";
		};
/* End PBXGroup section */

/* Begin PBXNativeTarget section */
		9ADAE66C2C5688ED00D6B7E9 /* SnapChat */ = {
			isa = PBXNativeTarget;
			buildConfigurationList = 9ADAE6812C5688EE00D6B7E9 /* Build configuration list for PBXNativeTarget "SnapChat" */;
			buildPhases = (
				4590D653D833C5A9E9280D9D /* [CP] Check Pods Manifest.lock */,
				9ADAE6692C5688ED00D6B7E9 /* Sources */,
				9ADAE66A2C5688ED00D6B7E9 /* Frameworks */,
				9ADAE66B2C5688ED00D6B7E9 /* Resources */,
				5F6C845C22092FF9F1C2326D /* [CP] Embed Pods Frameworks */,
			);
			buildRules = (
			);
			dependencies = (
			);
			name = SnapChat;
			productName = SnapChat;
			productReference = 9ADAE66D2C5688ED00D6B7E9 /* SnapChat.app */;
			productType = "com.apple.product-type.application";
		};
/* End PBXNativeTarget section */

/* Begin PBXProject section */
		9ADAE6652C5688ED00D6B7E9 /* Project object */ = {
			isa = PBXProject;
			attributes = {
				BuildIndependentTargetsInParallel = 1;
				LastSwiftUpdateCheck = 1540;
				LastUpgradeCheck = 1540;
				TargetAttributes = {
					9ADAE66C2C5688ED00D6B7E9 = {
						CreatedOnToolsVersion = 15.4;
					};
				};
			};
			buildConfigurationList = 9ADAE6682C5688ED00D6B7E9 /* Build configuration list for PBXProject "SnapChat" */;
			compatibilityVersion = "Xcode 14.0";
			developmentRegion = en;
			hasScannedForEncodings = 0;
			knownRegions = (
				en,
				Base,
			);
			mainGroup = 9ADAE6642C5688ED00D6B7E9;
			productRefGroup = 9ADAE66E2C5688ED00D6B7E9 /* Products */;
			projectDirPath = "";
			projectRoot = "";
			targets = (
				9ADAE66C2C5688ED00D6B7E9 /* SnapChat */,
			);
		};
/* End PBXProject section */

/* Begin PBXResourcesBuildPhase section */
		9ADAE66B2C5688ED00D6B7E9 /* Resources */ = {
			isa = PBXResourcesBuildPhase;
			buildActionMask = 2147483647;
			files = (
				9ADAE67A2C5688EE00D6B7E9 /* Assets.xcassets in Resources */,
				9ADAE67D2C5688EE00D6B7E9 /* Base in Resources */,
				F5D2B82C2C5A721F006BFCCC /* GoogleService-Info.plist in Resources */,
			);
			runOnlyForDeploymentPostprocessing = 0;
		};
/* End PBXResourcesBuildPhase section */

/* Begin PBXShellScriptBuildPhase section */
		4590D653D833C5A9E9280D9D /* [CP] Check Pods Manifest.lock */ = {
			isa = PBXShellScriptBuildPhase;
			buildActionMask = 2147483647;
			files = (
			);
			inputFileListPaths = (
			);
			inputPaths = (
				"${PODS_PODFILE_DIR_PATH}/Podfile.lock",
				"${PODS_ROOT}/Manifest.lock",
			);
			name = "[CP] Check Pods Manifest.lock";
			outputFileListPaths = (
			);
			outputPaths = (
				"$(DERIVED_FILE_DIR)/Pods-SnapChat-checkManifestLockResult.txt",
			);
			runOnlyForDeploymentPostprocessing = 0;
			shellPath = /bin/sh;
			shellScript = "diff \"${PODS_PODFILE_DIR_PATH}/Podfile.lock\" \"${PODS_ROOT}/Manifest.lock\" > /dev/null\nif [ $? != 0 ] ; then\n    # print error to STDERR\n    echo \"error: The sandbox is not in sync with the Podfile.lock. Run 'pod install' or update your CocoaPods installation.\" >&2\n    exit 1\nfi\n# This output is used by Xcode 'outputs' to avoid re-running this script phase.\necho \"SUCCESS\" > \"${SCRIPT_OUTPUT_FILE_0}\"\n";
			showEnvVarsInLog = 0;
		};
		5F6C845C22092FF9F1C2326D /* [CP] Embed Pods Frameworks */ = {
			isa = PBXShellScriptBuildPhase;
			buildActionMask = 2147483647;
			files = (
			);
			inputFileListPaths = (
				"${PODS_ROOT}/Target Support Files/Pods-SnapChat/Pods-SnapChat-frameworks-${CONFIGURATION}-input-files.xcfilelist",
			);
			name = "[CP] Embed Pods Frameworks";
			outputFileListPaths = (
				"${PODS_ROOT}/Target Support Files/Pods-SnapChat/Pods-SnapChat-frameworks-${CONFIGURATION}-output-files.xcfilelist",
			);
			runOnlyForDeploymentPostprocessing = 0;
			shellPath = /bin/sh;
			shellScript = "\"${PODS_ROOT}/Target Support Files/Pods-SnapChat/Pods-SnapChat-frameworks.sh\"\n";
			showEnvVarsInLog = 0;
		};
/* End PBXShellScriptBuildPhase section */

/* Begin PBXSourcesBuildPhase section */
		9ADAE6692C5688ED00D6B7E9 /* Sources */ = {
			isa = PBXSourcesBuildPhase;
			buildActionMask = 2147483647;
			files = (
				9ADAE6752C5688ED00D6B7E9 /* HomePage.swift in Sources */,
				F5606C0E2C5BBAD10019DE80 /* TabBars.swift in Sources */,
				F5606BFF2C5B762C0019DE80 /* SignUpVM.swift in Sources */,
				F5606C0C2C5BBA490019DE80 /* ThirdVC.swift in Sources */,
				9ADAE6712C5688ED00D6B7E9 /* AppDelegate.swift in Sources */,
				9ADAE68A2C568B2000D6B7E9 /* CustomTextField.swift in Sources */,
				9ADAE68E2C568CF800D6B7E9 /* ForgotVC.swift in Sources */,
				F58ADC102C57CA5F00F77808 /* PrivacyVC.swift in Sources */,
				9ADAE6902C568DD900D6B7E9 /* AuthHeaderView.swift in Sources */,
				F5606C012C5B76490019DE80 /* Repo.swift in Sources */,
				9ADAE6852C5689F700D6B7E9 /* SignInVC.swift in Sources */,
				F5606C102C5BC2860019DE80 /* FourthVC.swift in Sources */,
				9ADAE68C2C568B3300D6B7E9 /* CustomButton.swift in Sources */,
				F5D2B82A2C5A2D90006BFCCC /* AlertManager.swift in Sources */,
				9ADAE6872C568A9500D6B7E9 /* SignUpVC.swift in Sources */,
				F58ADC0E2C57BE3800F77808 /* TermsVC.swift in Sources */,
				F5606C082C5BBA320019DE80 /* FirstVC.swift in Sources */,
				F5606C0A2C5BBA3E0019DE80 /* SecondVC.swift in Sources */,
				F5606C122C5BC2930019DE80 /* FifthVC.swift in Sources */,
				9ADAE6732C5688ED00D6B7E9 /* SceneDelegate.swift in Sources */,
			);
			runOnlyForDeploymentPostprocessing = 0;
		};
/* End PBXSourcesBuildPhase section */

/* Begin PBXVariantGroup section */
		9ADAE67B2C5688EE00D6B7E9 /* LaunchScreen.storyboard */ = {
			isa = PBXVariantGroup;
			children = (
				9ADAE67C2C5688EE00D6B7E9 /* Base */,
			);
			name = LaunchScreen.storyboard;
			sourceTree = "<group>";
		};
/* End PBXVariantGroup section */

/* Begin XCBuildConfiguration section */
		9ADAE67F2C5688EE00D6B7E9 /* Debug */ = {
			isa = XCBuildConfiguration;
			buildSettings = {
				ALWAYS_SEARCH_USER_PATHS = NO;
				ASSETCATALOG_COMPILER_GENERATE_SWIFT_ASSET_SYMBOL_EXTENSIONS = YES;
				CLANG_ANALYZER_NONNULL = YES;
				CLANG_ANALYZER_NUMBER_OBJECT_CONVERSION = YES_AGGRESSIVE;
				CLANG_CXX_LANGUAGE_STANDARD = "gnu++20";
				CLANG_ENABLE_MODULES = YES;
				CLANG_ENABLE_OBJC_ARC = YES;
				CLANG_ENABLE_OBJC_WEAK = YES;
				CLANG_WARN_BLOCK_CAPTURE_AUTORELEASING = YES;
				CLANG_WARN_BOOL_CONVERSION = YES;
				CLANG_WARN_COMMA = YES;
				CLANG_WARN_CONSTANT_CONVERSION = YES;
				CLANG_WARN_DEPRECATED_OBJC_IMPLEMENTATIONS = YES;
				CLANG_WARN_DIRECT_OBJC_ISA_USAGE = YES_ERROR;
				CLANG_WARN_DOCUMENTATION_COMMENTS = YES;
				CLANG_WARN_EMPTY_BODY = YES;
				CLANG_WARN_ENUM_CONVERSION = YES;
				CLANG_WARN_INFINITE_RECURSION = YES;
				CLANG_WARN_INT_CONVERSION = YES;
				CLANG_WARN_NON_LITERAL_NULL_CONVERSION = YES;
				CLANG_WARN_OBJC_IMPLICIT_RETAIN_SELF = YES;
				CLANG_WARN_OBJC_LITERAL_CONVERSION = YES;
				CLANG_WARN_OBJC_ROOT_CLASS = YES_ERROR;
				CLANG_WARN_QUOTED_INCLUDE_IN_FRAMEWORK_HEADER = YES;
				CLANG_WARN_RANGE_LOOP_ANALYSIS = YES;
				CLANG_WARN_STRICT_PROTOTYPES = YES;
				CLANG_WARN_SUSPICIOUS_MOVE = YES;
				CLANG_WARN_UNGUARDED_AVAILABILITY = YES_AGGRESSIVE;
				CLANG_WARN_UNREACHABLE_CODE = YES;
				CLANG_WARN__DUPLICATE_METHOD_MATCH = YES;
				COPY_PHASE_STRIP = NO;
				DEBUG_INFORMATION_FORMAT = dwarf;
				ENABLE_STRICT_OBJC_MSGSEND = YES;
				ENABLE_TESTABILITY = YES;
				ENABLE_USER_SCRIPT_SANDBOXING = NO;
				GCC_C_LANGUAGE_STANDARD = gnu17;
				GCC_DYNAMIC_NO_PIC = NO;
				GCC_NO_COMMON_BLOCKS = YES;
				GCC_OPTIMIZATION_LEVEL = 0;
				GCC_PREPROCESSOR_DEFINITIONS = (
					"DEBUG=1",
					"$(inherited)",
				);
				GCC_WARN_64_TO_32_BIT_CONVERSION = YES;
				GCC_WARN_ABOUT_RETURN_TYPE = YES_ERROR;
				GCC_WARN_UNDECLARED_SELECTOR = YES;
				GCC_WARN_UNINITIALIZED_AUTOS = YES_AGGRESSIVE;
				GCC_WARN_UNUSED_FUNCTION = YES;
				GCC_WARN_UNUSED_VARIABLE = YES;
				IPHONEOS_DEPLOYMENT_TARGET = 17.5;
				LOCALIZATION_PREFERS_STRING_CATALOGS = YES;
				MTL_ENABLE_DEBUG_INFO = INCLUDE_SOURCE;
				MTL_FAST_MATH = YES;
				ONLY_ACTIVE_ARCH = YES;
				SDKROOT = iphoneos;
				SWIFT_ACTIVE_COMPILATION_CONDITIONS = "DEBUG $(inherited)";
				SWIFT_OPTIMIZATION_LEVEL = "-Onone";
			};
			name = Debug;
		};
		9ADAE6802C5688EE00D6B7E9 /* Release */ = {
			isa = XCBuildConfiguration;
			buildSettings = {
				ALWAYS_SEARCH_USER_PATHS = NO;
				ASSETCATALOG_COMPILER_GENERATE_SWIFT_ASSET_SYMBOL_EXTENSIONS = YES;
				CLANG_ANALYZER_NONNULL = YES;
				CLANG_ANALYZER_NUMBER_OBJECT_CONVERSION = YES_AGGRESSIVE;
				CLANG_CXX_LANGUAGE_STANDARD = "gnu++20";
				CLANG_ENABLE_MODULES = YES;
				CLANG_ENABLE_OBJC_ARC = YES;
				CLANG_ENABLE_OBJC_WEAK = YES;
				CLANG_WARN_BLOCK_CAPTURE_AUTORELEASING = YES;
				CLANG_WARN_BOOL_CONVERSION = YES;
				CLANG_WARN_COMMA = YES;
				CLANG_WARN_CONSTANT_CONVERSION = YES;
				CLANG_WARN_DEPRECATED_OBJC_IMPLEMENTATIONS = YES;
				CLANG_WARN_DIRECT_OBJC_ISA_USAGE = YES_ERROR;
				CLANG_WARN_DOCUMENTATION_COMMENTS = YES;
				CLANG_WARN_EMPTY_BODY = YES;
				CLANG_WARN_ENUM_CONVERSION = YES;
				CLANG_WARN_INFINITE_RECURSION = YES;
				CLANG_WARN_INT_CONVERSION = YES;
				CLANG_WARN_NON_LITERAL_NULL_CONVERSION = YES;
				CLANG_WARN_OBJC_IMPLICIT_RETAIN_SELF = YES;
				CLANG_WARN_OBJC_LITERAL_CONVERSION = YES;
				CLANG_WARN_OBJC_ROOT_CLASS = YES_ERROR;
				CLANG_WARN_QUOTED_INCLUDE_IN_FRAMEWORK_HEADER = YES;
				CLANG_WARN_RANGE_LOOP_ANALYSIS = YES;
				CLANG_WARN_STRICT_PROTOTYPES = YES;
				CLANG_WARN_SUSPICIOUS_MOVE = YES;
				CLANG_WARN_UNGUARDED_AVAILABILITY = YES_AGGRESSIVE;
				CLANG_WARN_UNREACHABLE_CODE = YES;
				CLANG_WARN__DUPLICATE_METHOD_MATCH = YES;
				COPY_PHASE_STRIP = NO;
				DEBUG_INFORMATION_FORMAT = "dwarf-with-dsym";
				ENABLE_NS_ASSERTIONS = NO;
				ENABLE_STRICT_OBJC_MSGSEND = YES;
				ENABLE_USER_SCRIPT_SANDBOXING = NO;
				GCC_C_LANGUAGE_STANDARD = gnu17;
				GCC_NO_COMMON_BLOCKS = YES;
				GCC_WARN_64_TO_32_BIT_CONVERSION = YES;
				GCC_WARN_ABOUT_RETURN_TYPE = YES_ERROR;
				GCC_WARN_UNDECLARED_SELECTOR = YES;
				GCC_WARN_UNINITIALIZED_AUTOS = YES_AGGRESSIVE;
				GCC_WARN_UNUSED_FUNCTION = YES;
				GCC_WARN_UNUSED_VARIABLE = YES;
				IPHONEOS_DEPLOYMENT_TARGET = 17.5;
				LOCALIZATION_PREFERS_STRING_CATALOGS = YES;
				MTL_ENABLE_DEBUG_INFO = NO;
				MTL_FAST_MATH = YES;
				SDKROOT = iphoneos;
				SWIFT_COMPILATION_MODE = wholemodule;
				VALIDATE_PRODUCT = YES;
			};
			name = Release;
		};
		9ADAE6822C5688EE00D6B7E9 /* Debug */ = {
			isa = XCBuildConfiguration;
			baseConfigurationReference = F8540340C28891074BA08563 /* Pods-SnapChat.debug.xcconfig */;
			buildSettings = {
				ASSETCATALOG_COMPILER_APPICON_NAME = AppIcon;
				ASSETCATALOG_COMPILER_GLOBAL_ACCENT_COLOR_NAME = AccentColor;
				CODE_SIGN_STYLE = Automatic;
				CURRENT_PROJECT_VERSION = 1;
				DEVELOPMENT_TEAM = C7ARWWDA2H;
				GENERATE_INFOPLIST_FILE = YES;
				INFOPLIST_FILE = SnapChat/Info.plist;
				INFOPLIST_KEY_UIApplicationSupportsIndirectInputEvents = YES;
				INFOPLIST_KEY_UILaunchStoryboardName = LaunchScreen;
				INFOPLIST_KEY_UISupportedInterfaceOrientations_iPad = "UIInterfaceOrientationPortrait UIInterfaceOrientationPortraitUpsideDown UIInterfaceOrientationLandscapeLeft UIInterfaceOrientationLandscapeRight";
				INFOPLIST_KEY_UISupportedInterfaceOrientations_iPhone = "UIInterfaceOrientationPortrait UIInterfaceOrientationLandscapeLeft UIInterfaceOrientationLandscapeRight";
				LD_RUNPATH_SEARCH_PATHS = (
					"$(inherited)",
					"@executable_path/Frameworks",
				);
				MARKETING_VERSION = 1.0;
				PRODUCT_BUNDLE_IDENTIFIER = com.zcnzdmr.SnapChat;
				PRODUCT_NAME = "$(TARGET_NAME)";
				SWIFT_EMIT_LOC_STRINGS = YES;
				SWIFT_VERSION = 5.0;
				TARGETED_DEVICE_FAMILY = "1,2";
			};
			name = Debug;
		};
		9ADAE6832C5688EE00D6B7E9 /* Release */ = {
			isa = XCBuildConfiguration;
			baseConfigurationReference = E39EB45A808B9244495021EC /* Pods-SnapChat.release.xcconfig */;
			buildSettings = {
				ASSETCATALOG_COMPILER_APPICON_NAME = AppIcon;
				ASSETCATALOG_COMPILER_GLOBAL_ACCENT_COLOR_NAME = AccentColor;
				CODE_SIGN_STYLE = Automatic;
				CURRENT_PROJECT_VERSION = 1;
				DEVELOPMENT_TEAM = C7ARWWDA2H;
				GENERATE_INFOPLIST_FILE = YES;
				INFOPLIST_FILE = SnapChat/Info.plist;
				INFOPLIST_KEY_UIApplicationSupportsIndirectInputEvents = YES;
				INFOPLIST_KEY_UILaunchStoryboardName = LaunchScreen;
				INFOPLIST_KEY_UISupportedInterfaceOrientations_iPad = "UIInterfaceOrientationPortrait UIInterfaceOrientationPortraitUpsideDown UIInterfaceOrientationLandscapeLeft UIInterfaceOrientationLandscapeRight";
				INFOPLIST_KEY_UISupportedInterfaceOrientations_iPhone = "UIInterfaceOrientationPortrait UIInterfaceOrientationLandscapeLeft UIInterfaceOrientationLandscapeRight";
				LD_RUNPATH_SEARCH_PATHS = (
					"$(inherited)",
					"@executable_path/Frameworks",
				);
				MARKETING_VERSION = 1.0;
				PRODUCT_BUNDLE_IDENTIFIER = com.zcnzdmr.SnapChat;
				PRODUCT_NAME = "$(TARGET_NAME)";
				SWIFT_EMIT_LOC_STRINGS = YES;
				SWIFT_VERSION = 5.0;
				TARGETED_DEVICE_FAMILY = "1,2";
			};
			name = Release;
		};
/* End XCBuildConfiguration section */

/* Begin XCConfigurationList section */
		9ADAE6682C5688ED00D6B7E9 /* Build configuration list for PBXProject "SnapChat" */ = {
			isa = XCConfigurationList;
			buildConfigurations = (
				9ADAE67F2C5688EE00D6B7E9 /* Debug */,
				9ADAE6802C5688EE00D6B7E9 /* Release */,
			);
			defaultConfigurationIsVisible = 0;
			defaultConfigurationName = Release;
		};
		9ADAE6812C5688EE00D6B7E9 /* Build configuration list for PBXNativeTarget "SnapChat" */ = {
			isa = XCConfigurationList;
			buildConfigurations = (
				9ADAE6822C5688EE00D6B7E9 /* Debug */,
				9ADAE6832C5688EE00D6B7E9 /* Release */,
			);
			defaultConfigurationIsVisible = 0;
			defaultConfigurationName = Release;
		};
/* End XCConfigurationList section */
	};
	rootObject = 9ADAE6652C5688ED00D6B7E9 /* Project object */;
}
